
Microsoft Visual Studio Solution File, Format Version 12.00
# Visual Studio 15
VisualStudioVersion = 15.0.27004.2006
MinimumVisualStudioVersion = 10.0.40219.1
Project("{D954291E-2A0B-460D-934E-DC6B0785DB48}") = "Test01", "Test01\Test01\Test01.shproj", "{6752F020-7A79-4D44-92AE-0D5E29802C84}"
EndProject
Project("{FAE04EC0-301F-11D3-BF4B-00C04F79EFBC}") = "Test01.Android", "Test01\Test01.Android\Test01.Android.csproj", "{A72BB9D0-F503-4C13-88D3-04754361E2F8}"
EndProject
Project("{FAE04EC0-301F-11D3-BF4B-00C04F79EFBC}") = "Test01.iOS", "Test01\Test01.iOS\Test01.iOS.csproj", "{5715B5BC-1B3F-4611-B0B9-C66FEC591BAC}"
EndProject
Project("{FAE04EC0-301F-11D3-BF4B-00C04F79EFBC}") = "Test01.UWP", "Test01\Test01.UWP\Test01.UWP.csproj", "{4B8D799E-2E66-4E6A-924F-ACD000BDC9E6}"
EndProject
Global
	GlobalSection(SharedMSBuildProjectFiles) = preSolution
		Test01\Test01\Test01.projitems*{5715b5bc-1b3f-4611-b0b9-c66fec591bac}*SharedItemsImports = 4
		Test01\Test01\Test01.projitems*{6752f020-7a79-4d44-92ae-0d5e29802c84}*SharedItemsImports = 13
		Test01\Test01\Test01.projitems*{a72bb9d0-f503-4c13-88d3-04754361e2f8}*SharedItemsImports = 4
	EndGlobalSection
	GlobalSection(SolutionConfigurationPlatforms) = preSolution
		Ad-Hoc|Any CPU = Ad-Hoc|Any CPU
		Ad-Hoc|ARM = Ad-Hoc|ARM
		Ad-Hoc|iPhone = Ad-Hoc|iPhone
		Ad-Hoc|iPhoneSimulator = Ad-Hoc|iPhoneSimulator
		Ad-Hoc|x64 = Ad-Hoc|x64
		Ad-Hoc|x86 = Ad-Hoc|x86
		AppStore|Any CPU = AppStore|Any CPU
		AppStore|ARM = AppStore|ARM
		AppStore|iPhone = AppStore|iPhone
		AppStore|iPhoneSimulator = AppStore|iPhoneSimulator
		AppStore|x64 = AppStore|x64
		AppStore|x86 = AppStore|x86
		Debug|Any CPU = Debug|Any CPU
		Debug|ARM = Debug|ARM
		Debug|iPhone = Debug|iPhone
		Debug|iPhoneSimulator = Debug|iPhoneSimulator
		Debug|x64 = Debug|x64
		Debug|x86 = Debug|x86
		Release|Any CPU = Release|Any CPU
		Release|ARM = Release|ARM
		Release|iPhone = Release|iPhone
		Release|iPhoneSimulator = Release|iPhoneSimulator
		Release|x64 = Release|x64
		Release|x86 = Release|x86
	EndGlobalSection
	GlobalSection(ProjectConfigurationPlatforms) = postSolution
		{A72BB9D0-F503-4C13-88D3-04754361E2F8}.Ad-Hoc|Any CPU.ActiveCfg = Release|Any CPU
		{A72BB9D0-F503-4C13-88D3-04754361E2F8}.Ad-Hoc|Any CPU.Build.0 = Release|Any CPU
		{A72BB9D0-F503-4C13-88D3-04754361E2F8}.Ad-Hoc|Any CPU.Deploy.0 = Release|Any CPU
		{A72BB9D0-F503-4C13-88D3-04754361E2F8}.Ad-Hoc|ARM.ActiveCfg = Release|Any CPU
		{A72BB9D0-F503-4C13-88D3-04754361E2F8}.Ad-Hoc|ARM.Build.0 = Release|Any CPU
		{A72BB9D0-F503-4C13-88D3-04754361E2F8}.Ad-Hoc|ARM.Deploy.0 = Release|Any CPU
		{A72BB9D0-F503-4C13-88D3-04754361E2F8}.Ad-Hoc|iPhone.ActiveCfg = Release|Any CPU
		{A72BB9D0-F503-4C13-88D3-04754361E2F8}.Ad-Hoc|iPhone.Build.0 = Release|Any CPU
		{A72BB9D0-F503-4C13-88D3-04754361E2F8}.Ad-Hoc|iPhone.Deploy.0 = Release|Any CPU
		{A72BB9D0-F503-4C13-88D3-04754361E2F8}.Ad-Hoc|iPhoneSimulator.ActiveCfg = Release|Any CPU
		{A72BB9D0-F503-4C13-88D3-04754361E2F8}.Ad-Hoc|iPhoneSimulator.Build.0 = Release|Any CPU
		{A72BB9D0-F503-4C13-88D3-04754361E2F8}.Ad-Hoc|iPhoneSimulator.Deploy.0 = Release|Any CPU
		{A72BB9D0-F503-4C13-88D3-04754361E2F8}.Ad-Hoc|x64.ActiveCfg = Release|Any CPU
		{A72BB9D0-F503-4C13-88D3-04754361E2F8}.Ad-Hoc|x64.Build.0 = Release|Any CPU
		{A72BB9D0-F503-4C13-88D3-04754361E2F8}.Ad-Hoc|x64.Deploy.0 = Release|Any CPU
		{A72BB9D0-F503-4C13-88D3-04754361E2F8}.Ad-Hoc|x86.ActiveCfg = Release|Any CPU
		{A72BB9D0-F503-4C13-88D3-04754361E2F8}.Ad-Hoc|x86.Build.0 = Release|Any CPU
		{A72BB9D0-F503-4C13-88D3-04754361E2F8}.Ad-Hoc|x86.Deploy.0 = Release|Any CPU
		{A72BB9D0-F503-4C13-88D3-04754361E2F8}.AppStore|Any CPU.ActiveCfg = Release|Any CPU
		{A72BB9D0-F503-4C13-88D3-04754361E2F8}.AppStore|Any CPU.Build.0 = Release|Any CPU
		{A72BB9D0-F503-4C13-88D3-04754361E2F8}.AppStore|Any CPU.Deploy.0 = Release|Any CPU
		{A72BB9D0-F503-4C13-88D3-04754361E2F8}.AppStore|ARM.ActiveCfg = Release|Any CPU
		{A72BB9D0-F503-4C13-88D3-04754361E2F8}.AppStore|ARM.Build.0 = Release|Any CPU
		{A72BB9D0-F503-4C13-88D3-04754361E2F8}.AppStore|ARM.Deploy.0 = Release|Any CPU
		{A72BB9D0-F503-4C13-88D3-04754361E2F8}.AppStore|iPhone.ActiveCfg = Release|Any CPU
		{A72BB9D0-F503-4C13-88D3-04754361E2F8}.AppStore|iPhone.Build.0 = Release|Any CPU
		{A72BB9D0-F503-4C13-88D3-04754361E2F8}.AppStore|iPhone.Deploy.0 = Release|Any CPU
		{A72BB9D0-F503-4C13-88D3-04754361E2F8}.AppStore|iPhoneSimulator.ActiveCfg = Release|Any CPU
		{A72BB9D0-F503-4C13-88D3-04754361E2F8}.AppStore|iPhoneSimulator.Build.0 = Release|Any CPU
		{A72BB9D0-F503-4C13-88D3-04754361E2F8}.AppStore|iPhoneSimulator.Deploy.0 = Release|Any CPU
		{A72BB9D0-F503-4C13-88D3-04754361E2F8}.AppStore|x64.ActiveCfg = Release|Any CPU
		{A72BB9D0-F503-4C13-88D3-04754361E2F8}.AppStore|x64.Build.0 = Release|Any CPU
		{A72BB9D0-F503-4C13-88D3-04754361E2F8}.AppStore|x64.Deploy.0 = Release|Any CPU
		{A72BB9D0-F503-4C13-88D3-04754361E2F8}.AppStore|x86.ActiveCfg = Release|Any CPU
		{A72BB9D0-F503-4C13-88D3-04754361E2F8}.AppStore|x86.Build.0 = Release|Any CPU
		{A72BB9D0-F503-4C13-88D3-04754361E2F8}.AppStore|x86.Deploy.0 = Release|Any CPU
		{A72BB9D0-F503-4C13-88D3-04754361E2F8}.Debug|Any CPU.ActiveCfg = Debug|Any CPU
		{A72BB9D0-F503-4C13-88D3-04754361E2F8}.Debug|Any CPU.Build.0 = Debug|Any CPU
		{A72BB9D0-F503-4C13-88D3-04754361E2F8}.Debug|Any CPU.Deploy.0 = Debug|Any CPU
		{A72BB9D0-F503-4C13-88D3-04754361E2F8}.Debug|ARM.ActiveCfg = Debug|Any CPU
		{A72BB9D0-F503-4C13-88D3-04754361E2F8}.Debug|ARM.Build.0 = Debug|Any CPU
		{A72BB9D0-F503-4C13-88D3-04754361E2F8}.Debug|ARM.Deploy.0 = Debug|Any CPU
		{A72BB9D0-F503-4C13-88D3-04754361E2F8}.Debug|iPhone.ActiveCfg = Debug|Any CPU
		{A72BB9D0-F503-4C13-88D3-04754361E2F8}.Debug|iPhone.Build.0 = Debug|Any CPU
		{A72BB9D0-F503-4C13-88D3-04754361E2F8}.Debug|iPhone.Deploy.0 = Debug|Any CPU
		{A72BB9D0-F503-4C13-88D3-04754361E2F8}.Debug|iPhoneSimulator.ActiveCfg = Debug|Any CPU
		{A72BB9D0-F503-4C13-88D3-04754361E2F8}.Debug|iPhoneSimulator.Build.0 = Debug|Any CPU
		{A72BB9D0-F503-4C13-88D3-04754361E2F8}.Debug|iPhoneSimulator.Deploy.0 = Debug|Any CPU
		{A72BB9D0-F503-4C13-88D3-04754361E2F8}.Debug|x64.ActiveCfg = Debug|Any CPU
		{A72BB9D0-F503-4C13-88D3-04754361E2F8}.Debug|x64.Build.0 = Debug|Any CPU
		{A72BB9D0-F503-4C13-88D3-04754361E2F8}.Debug|x64.Deploy.0 = Debug|Any CPU
		{A72BB9D0-F503-4C13-88D3-04754361E2F8}.Debug|x86.ActiveCfg = Debug|Any CPU
		{A72BB9D0-F503-4C13-88D3-04754361E2F8}.Debug|x86.Build.0 = Debug|Any CPU
		{A72BB9D0-F503-4C13-88D3-04754361E2F8}.Debug|x86.Deploy.0 = Debug|Any CPU
		{A72BB9D0-F503-4C13-88D3-04754361E2F8}.Release|Any CPU.ActiveCfg = Release|Any CPU
		{A72BB9D0-F503-4C13-88D3-04754361E2F8}.Release|Any CPU.Build.0 = Release|Any CPU
		{A72BB9D0-F503-4C13-88D3-04754361E2F8}.Release|Any CPU.Deploy.0 = Release|Any CPU
		{A72BB9D0-F503-4C13-88D3-04754361E2F8}.Release|ARM.ActiveCfg = Release|Any CPU
		{A72BB9D0-F503-4C13-88D3-04754361E2F8}.Release|ARM.Build.0 = Release|Any CPU
		{A72BB9D0-F503-4C13-88D3-04754361E2F8}.Release|ARM.Deploy.0 = Release|Any CPU
		{A72BB9D0-F503-4C13-88D3-04754361E2F8}.Release|iPhone.ActiveCfg = Release|Any CPU
		{A72BB9D0-F503-4C13-88D3-04754361E2F8}.Release|iPhone.Build.0 = Release|Any CPU
		{A72BB9D0-F503-4C13-88D3-04754361E2F8}.Release|iPhone.Deploy.0 = Release|Any CPU
		{A72BB9D0-F503-4C13-88D3-04754361E2F8}.Release|iPhoneSimulator.ActiveCfg = Release|Any CPU
		{A72BB9D0-F503-4C13-88D3-04754361E2F8}.Release|iPhoneSimulator.Build.0 = Release|Any CPU
		{A72BB9D0-F503-4C13-88D3-04754361E2F8}.Release|iPhoneSimulator.Deploy.0 = Release|Any CPU
		{A72BB9D0-F503-4C13-88D3-04754361E2F8}.Release|x64.ActiveCfg = Release|Any CPU
		{A72BB9D0-F503-4C13-88D3-04754361E2F8}.Release|x64.Build.0 = Release|Any CPU
		{A72BB9D0-F503-4C13-88D3-04754361E2F8}.Release|x64.Deploy.0 = Release|Any CPU
		{A72BB9D0-F503-4C13-88D3-04754361E2F8}.Release|x86.ActiveCfg = Release|Any CPU
		{A72BB9D0-F503-4C13-88D3-04754361E2F8}.Release|x86.Build.0 = Release|Any CPU
		{A72BB9D0-F503-4C13-88D3-04754361E2F8}.Release|x86.Deploy.0 = Release|Any CPU
		{5715B5BC-1B3F-4611-B0B9-C66FEC591BAC}.Ad-Hoc|Any CPU.ActiveCfg = Ad-Hoc|iPhoneSimulator
		{5715B5BC-1B3F-4611-B0B9-C66FEC591BAC}.Ad-Hoc|ARM.ActiveCfg = Ad-Hoc|iPhone
		{5715B5BC-1B3F-4611-B0B9-C66FEC591BAC}.Ad-Hoc|iPhone.ActiveCfg = Ad-Hoc|iPhone
		{5715B5BC-1B3F-4611-B0B9-C66FEC591BAC}.Ad-Hoc|iPhone.Build.0 = Ad-Hoc|iPhone
		{5715B5BC-1B3F-4611-B0B9-C66FEC591BAC}.Ad-Hoc|iPhoneSimulator.ActiveCfg = Ad-Hoc|iPhoneSimulator
		{5715B5BC-1B3F-4611-B0B9-C66FEC591BAC}.Ad-Hoc|iPhoneSimulator.Build.0 = Ad-Hoc|iPhoneSimulator
		{5715B5BC-1B3F-4611-B0B9-C66FEC591BAC}.Ad-Hoc|x64.ActiveCfg = Ad-Hoc|iPhone
		{5715B5BC-1B3F-4611-B0B9-C66FEC591BAC}.Ad-Hoc|x86.ActiveCfg = Ad-Hoc|iPhone
		{5715B5BC-1B3F-4611-B0B9-C66FEC591BAC}.AppStore|Any CPU.ActiveCfg = AppStore|iPhoneSimulator
		{5715B5BC-1B3F-4611-B0B9-C66FEC591BAC}.AppStore|ARM.ActiveCfg = AppStore|iPhone
		{5715B5BC-1B3F-4611-B0B9-C66FEC591BAC}.AppStore|iPhone.ActiveCfg = AppStore|iPhone
		{5715B5BC-1B3F-4611-B0B9-C66FEC591BAC}.AppStore|iPhone.Build.0 = AppStore|iPhone
		{5715B5BC-1B3F-4611-B0B9-C66FEC591BAC}.AppStore|iPhoneSimulator.ActiveCfg = AppStore|iPhoneSimulator
		{5715B5BC-1B3F-4611-B0B9-C66FEC591BAC}.AppStore|iPhoneSimulator.Build.0 = AppStore|iPhoneSimulator
		{5715B5BC-1B3F-4611-B0B9-C66FEC591BAC}.AppStore|x64.ActiveCfg = AppStore|iPhone
		{5715B5BC-1B3F-4611-B0B9-C66FEC591BAC}.AppStore|x86.ActiveCfg = AppStore|iPhone
		{5715B5BC-1B3F-4611-B0B9-C66FEC591BAC}.Debug|Any CPU.ActiveCfg = Debug|iPhoneSimulator
		{5715B5BC-1B3F-4611-B0B9-C66FEC591BAC}.Debug|ARM.ActiveCfg = Debug|iPhone
		{5715B5BC-1B3F-4611-B0B9-C66FEC591BAC}.Debug|iPhone.ActiveCfg = Debug|iPhone
		{5715B5BC-1B3F-4611-B0B9-C66FEC591BAC}.Debug|iPhone.Build.0 = Debug|iPhone
		{5715B5BC-1B3F-4611-B0B9-C66FEC591BAC}.Debug|iPhoneSimulator.ActiveCfg = Debug|iPhoneSimulator
		{5715B5BC-1B3F-4611-B0B9-C66FEC591BAC}.Debug|iPhoneSimulator.Build.0 = Debug|iPhoneSimulator
		{5715B5BC-1B3F-4611-B0B9-C66FEC591BAC}.Debug|x64.ActiveCfg = Debug|iPhone
		{5715B5BC-1B3F-4611-B0B9-C66FEC591BAC}.Debug|x86.ActiveCfg = Debug|iPhone
		{5715B5BC-1B3F-4611-B0B9-C66FEC591BAC}.Release|Any CPU.ActiveCfg = Release|iPhoneSimulator
		{5715B5BC-1B3F-4611-B0B9-C66FEC591BAC}.Release|ARM.ActiveCfg = Release|iPhone
		{5715B5BC-1B3F-4611-B0B9-C66FEC591BAC}.Release|iPhone.ActiveCfg = Release|iPhone
		{5715B5BC-1B3F-4611-B0B9-C66FEC591BAC}.Release|iPhone.Build.0 = Release|iPhone
		{5715B5BC-1B3F-4611-B0B9-C66FEC591BAC}.Release|iPhoneSimulator.ActiveCfg = Release|iPhoneSimulator
		{5715B5BC-1B3F-4611-B0B9-C66FEC591BAC}.Release|iPhoneSimulator.Build.0 = Release|iPhoneSimulator
		{5715B5BC-1B3F-4611-B0B9-C66FEC591BAC}.Release|x64.ActiveCfg = Release|iPhone
		{5715B5BC-1B3F-4611-B0B9-C66FEC591BAC}.Release|x86.ActiveCfg = Release|iPhone
		{4B8D799E-2E66-4E6A-924F-ACD000BDC9E6}.Ad-Hoc|Any CPU.ActiveCfg = Release|x86
		{4B8D799E-2E66-4E6A-924F-ACD000BDC9E6}.Ad-Hoc|Any CPU.Build.0 = Release|x86
		{4B8D799E-2E66-4E6A-924F-ACD000BDC9E6}.Ad-Hoc|Any CPU.Deploy.0 = Release|x86
		{4B8D799E-2E66-4E6A-924F-ACD000BDC9E6}.Ad-Hoc|ARM.ActiveCfg = Release|ARM
		{4B8D799E-2E66-4E6A-924F-ACD000BDC9E6}.Ad-Hoc|ARM.Build.0 = Release|ARM
		{4B8D799E-2E66-4E6A-924F-ACD000BDC9E6}.Ad-Hoc|ARM.Deploy.0 = Release|ARM
		{4B8D799E-2E66-4E6A-924F-ACD000BDC9E6}.Ad-Hoc|iPhone.ActiveCfg = Release|x86
		{4B8D799E-2E66-4E6A-924F-ACD000BDC9E6}.Ad-Hoc|iPhone.Build.0 = Release|x86
		{4B8D799E-2E66-4E6A-924F-ACD000BDC9E6}.Ad-Hoc|iPhone.Deploy.0 = Release|x86
		{4B8D799E-2E66-4E6A-924F-ACD000BDC9E6}.Ad-Hoc|iPhoneSimulator.ActiveCfg = Release|x86
		{4B8D799E-2E66-4E6A-924F-ACD000BDC9E6}.Ad-Hoc|iPhoneSimulator.Build.0 = Release|x86
		{4B8D799E-2E66-4E6A-924F-ACD000BDC9E6}.Ad-Hoc|iPhoneSimulator.Deploy.0 = Release|x86
		{4B8D799E-2E66-4E6A-924F-ACD000BDC9E6}.Ad-Hoc|x64.ActiveCfg = Release|x64
		{4B8D799E-2E66-4E6A-924F-ACD000BDC9E6}.Ad-Hoc|x64.Build.0 = Release|x64
		{4B8D799E-2E66-4E6A-924F-ACD000BDC9E6}.Ad-Hoc|x64.Deploy.0 = Release|x64
		{4B8D799E-2E66-4E6A-924F-ACD000BDC9E6}.Ad-Hoc|x86.ActiveCfg = Release|x86
		{4B8D799E-2E66-4E6A-924F-ACD000BDC9E6}.Ad-Hoc|x86.Build.0 = Release|x86
		{4B8D799E-2E66-4E6A-924F-ACD000BDC9E6}.Ad-Hoc|x86.Deploy.0 = Release|x86
		{4B8D799E-2E66-4E6A-924F-ACD000BDC9E6}.AppStore|Any CPU.ActiveCfg = Release|x86
		{4B8D799E-2E66-4E6A-924F-ACD000BDC9E6}.AppStore|Any CPU.Build.0 = Release|x86
		{4B8D799E-2E66-4E6A-924F-ACD000BDC9E6}.AppStore|Any CPU.Deploy.0 = Release|x86
		{4B8D799E-2E66-4E6A-924F-ACD000BDC9E6}.AppStore|ARM.ActiveCfg = Release|ARM
		{4B8D799E-2E66-4E6A-924F-ACD000BDC9E6}.AppStore|ARM.Build.0 = Release|ARM
		{4B8D799E-2E66-4E6A-924F-ACD000BDC9E6}.AppStore|ARM.Deploy.0 = Release|ARM
		{4B8D799E-2E66-4E6A-924F-ACD000BDC9E6}.AppStore|iPhone.ActiveCfg = Release|x86
		{4B8D799E-2E66-4E6A-924F-ACD000BDC9E6}.AppStore|iPhone.Build.0 = Release|x86
		{4B8D799E-2E66-4E6A-924F-ACD000BDC9E6}.AppStore|iPhone.Deploy.0 = Release|x86
		{4B8D799E-2E66-4E6A-924F-ACD000BDC9E6}.AppStore|iPhoneSimulator.ActiveCfg = Release|x86
		{4B8D799E-2E66-4E6A-924F-ACD000BDC9E6}.AppStore|iPhoneSimulator.Build.0 = Release|x86
		{4B8D799E-2E66-4E6A-924F-ACD000BDC9E6}.AppStore|iPhoneSimulator.Deploy.0 = Release|x86
		{4B8D799E-2E66-4E6A-924F-ACD000BDC9E6}.AppStore|x64.ActiveCfg = Release|x64
		{4B8D799E-2E66-4E6A-924F-ACD000BDC9E6}.AppStore|x64.Build.0 = Release|x64
		{4B8D799E-2E66-4E6A-924F-ACD000BDC9E6}.AppStore|x64.Deploy.0 = Release|x64
		{4B8D799E-2E66-4E6A-924F-ACD000BDC9E6}.AppStore|x86.ActiveCfg = Release|x86
		{4B8D799E-2E66-4E6A-924F-ACD000BDC9E6}.AppStore|x86.Build.0 = Release|x86
		{4B8D799E-2E66-4E6A-924F-ACD000BDC9E6}.AppStore|x86.Deploy.0 = Release|x86
		{4B8D799E-2E66-4E6A-924F-ACD000BDC9E6}.Debug|Any CPU.ActiveCfg = Debug|x86
		{4B8D799E-2E66-4E6A-924F-ACD000BDC9E6}.Debug|ARM.ActiveCfg = Debug|ARM
		{4B8D799E-2E66-4E6A-924F-ACD000BDC9E6}.Debug|ARM.Build.0 = Debug|ARM
		{4B8D799E-2E66-4E6A-924F-ACD000BDC9E6}.Debug|ARM.Deploy.0 = Debug|ARM
		{4B8D799E-2E66-4E6A-924F-ACD000BDC9E6}.Debug|iPhone.ActiveCfg = Debug|x86
		{4B8D799E-2E66-4E6A-924F-ACD000BDC9E6}.Debug|iPhoneSimulator.ActiveCfg = Debug|x86
		{4B8D799E-2E66-4E6A-924F-ACD000BDC9E6}.Debug|x64.ActiveCfg = Debug|x64
		{4B8D799E-2E66-4E6A-924F-ACD000BDC9E6}.Debug|x64.Build.0 = Debug|x64
		{4B8D799E-2E66-4E6A-924F-ACD000BDC9E6}.Debug|x64.Deploy.0 = Debug|x64
		{4B8D799E-2E66-4E6A-924F-ACD000BDC9E6}.Debug|x86.ActiveCfg = Debug|x86
		{4B8D799E-2E66-4E6A-924F-ACD000BDC9E6}.Debug|x86.Build.0 = Debug|x86
		{4B8D799E-2E66-4E6A-924F-ACD000BDC9E6}.Debug|x86.Deploy.0 = Debug|x86
		{4B8D799E-2E66-4E6A-924F-ACD000BDC9E6}.Release|Any CPU.ActiveCfg = Release|x86
		{4B8D799E-2E66-4E6A-924F-ACD000BDC9E6}.Release|ARM.ActiveCfg = Release|ARM
		{4B8D799E-2E66-4E6A-924F-ACD000BDC9E6}.Release|ARM.Build.0 = Release|ARM
		{4B8D799E-2E66-4E6A-924F-ACD000BDC9E6}.Release|ARM.Deploy.0 = Release|ARM
		{4B8D799E-2E66-4E6A-924F-ACD000BDC9E6}.Release|iPhone.ActiveCfg = Release|x86
		{4B8D799E-2E66-4E6A-924F-ACD000BDC9E6}.Release|iPhoneSimulator.ActiveCfg = Release|x86
		{4B8D799E-2E66-4E6A-924F-ACD000BDC9E6}.Release|x64.ActiveCfg = Release|x64
		{4B8D799E-2E66-4E6A-924F-ACD000BDC9E6}.Release|x64.Build.0 = Release|x64
		{4B8D799E-2E66-4E6A-924F-ACD000BDC9E6}.Release|x64.Deploy.0 = Release|x64
		{4B8D799E-2E66-4E6A-924F-ACD000BDC9E6}.Release|x86.ActiveCfg = Release|x86
		{4B8D799E-2E66-4E6A-924F-ACD000BDC9E6}.Release|x86.Build.0 = Release|x86
		{4B8D799E-2E66-4E6A-924F-ACD000BDC9E6}.Release|x86.Deploy.0 = Release|x86
	EndGlobalSection
	GlobalSection(SolutionProperties) = preSolution
		HideSolutionNode = FALSE
	EndGlobalSection
	GlobalSection(ExtensibilityGlobals) = postSolution
		SolutionGuid = {21AA005B-6EFB-4FC0-9FA9-E7051C02255B}
	EndGlobalSection
EndGlobal
